// !$*UTF8*$!
{
	archiveVersion = 1;
	classes = {
	};
	objectVersion = 56;
	objects = {

/* Begin PBXBuildFile section */
		D61D4C2F2B246475001EA7D1 /* UIImageView+Extension.swift in Sources */ = {isa = PBXBuildFile; fileRef = D61D4C2E2B246475001EA7D1 /* UIImageView+Extension.swift */; };
		D61D4C312B24720B001EA7D1 /* UIImage+Extension.swift in Sources */ = {isa = PBXBuildFile; fileRef = D61D4C302B24720B001EA7D1 /* UIImage+Extension.swift */; };
		D61D4C332B2479AC001EA7D1 /* StyleDetailViewModel.swift in Sources */ = {isa = PBXBuildFile; fileRef = D61D4C322B2479AC001EA7D1 /* StyleDetailViewModel.swift */; };
		D61D4C352B249E3D001EA7D1 /* CommentWriteView.swift in Sources */ = {isa = PBXBuildFile; fileRef = D61D4C342B249E3D001EA7D1 /* CommentWriteView.swift */; };
		D61D4C372B25E70E001EA7D1 /* ViewModelProtocol.swift in Sources */ = {isa = PBXBuildFile; fileRef = D61D4C362B25E70E001EA7D1 /* ViewModelProtocol.swift */; };
		D61D4C392B262D3A001EA7D1 /* CommentTableViewCell.swift in Sources */ = {isa = PBXBuildFile; fileRef = D61D4C382B262D3A001EA7D1 /* CommentTableViewCell.swift */; };
		D61D4C3B2B2632C4001EA7D1 /* SelfSizingTableView.swift in Sources */ = {isa = PBXBuildFile; fileRef = D61D4C3A2B2632C4001EA7D1 /* SelfSizingTableView.swift */; };
		D66338CE2B133220004EEDA0 /* TokenIntercetor.swift in Sources */ = {isa = PBXBuildFile; fileRef = D66338CD2B133220004EEDA0 /* TokenIntercetor.swift */; };
		D66338D02B134EBF004EEDA0 /* RefreshModel.swift in Sources */ = {isa = PBXBuildFile; fileRef = D66338CF2B134EBF004EEDA0 /* RefreshModel.swift */; };
		D66338D32B138536004EEDA0 /* NetWorkErrorType.swift in Sources */ = {isa = PBXBuildFile; fileRef = D66338D22B138536004EEDA0 /* NetWorkErrorType.swift */; };
		D66338D52B138558004EEDA0 /* ErrorResponseMessages.swift in Sources */ = {isa = PBXBuildFile; fileRef = D66338D42B138558004EEDA0 /* ErrorResponseMessages.swift */; };
		D66338DF2B13A5F2004EEDA0 /* StyleEditView.swift in Sources */ = {isa = PBXBuildFile; fileRef = D66338DE2B13A5F2004EEDA0 /* StyleEditView.swift */; };
		D66338E12B13A68C004EEDA0 /* StyleEditViewController.swift in Sources */ = {isa = PBXBuildFile; fileRef = D66338E02B13A68C004EEDA0 /* StyleEditViewController.swift */; };
		D66338F52B14AF21004EEDA0 /* PostInfoModel.swift in Sources */ = {isa = PBXBuildFile; fileRef = D66338F42B14AF21004EEDA0 /* PostInfoModel.swift */; };
		D66338F72B14C1E3004EEDA0 /* StyleEditViewModel.swift in Sources */ = {isa = PBXBuildFile; fileRef = D66338F62B14C1E3004EEDA0 /* StyleEditViewModel.swift */; };
		D663393D2B18E0EA004EEDA0 /* WeatherManager.swift in Sources */ = {isa = PBXBuildFile; fileRef = D663393C2B18E0EA004EEDA0 /* WeatherManager.swift */; };
		D66339412B18F380004EEDA0 /* Date+Extension.swift in Sources */ = {isa = PBXBuildFile; fileRef = D66339402B18F380004EEDA0 /* Date+Extension.swift */; };
		D66339432B18F880004EEDA0 /* TodayWeatherModel.swift in Sources */ = {isa = PBXBuildFile; fileRef = D66339422B18F880004EEDA0 /* TodayWeatherModel.swift */; };
		D66339652B1B2F18004EEDA0 /* UIViewController+Extension.swift in Sources */ = {isa = PBXBuildFile; fileRef = D66339642B1B2F18004EEDA0 /* UIViewController+Extension.swift */; };
		D66793652B03DE780022A47F /* AppDelegate.swift in Sources */ = {isa = PBXBuildFile; fileRef = D66793642B03DE780022A47F /* AppDelegate.swift */; };
		D66793672B03DE780022A47F /* SceneDelegate.swift in Sources */ = {isa = PBXBuildFile; fileRef = D66793662B03DE780022A47F /* SceneDelegate.swift */; };
		D66793692B03DE780022A47F /* LoginViewController.swift in Sources */ = {isa = PBXBuildFile; fileRef = D66793682B03DE780022A47F /* LoginViewController.swift */; };
		D667936E2B03DE7A0022A47F /* Assets.xcassets in Resources */ = {isa = PBXBuildFile; fileRef = D667936D2B03DE7A0022A47F /* Assets.xcassets */; };
		D66793712B03DE7A0022A47F /* LaunchScreen.storyboard in Resources */ = {isa = PBXBuildFile; fileRef = D667936F2B03DE7A0022A47F /* LaunchScreen.storyboard */; };
		D667937E2B03DF5E0022A47F /* RxCocoa in Frameworks */ = {isa = PBXBuildFile; productRef = D667937D2B03DF5E0022A47F /* RxCocoa */; };
		D66793822B03DF5E0022A47F /* RxRelay in Frameworks */ = {isa = PBXBuildFile; productRef = D66793812B03DF5E0022A47F /* RxRelay */; };
		D66793862B03DF5E0022A47F /* RxSwift in Frameworks */ = {isa = PBXBuildFile; productRef = D66793852B03DF5E0022A47F /* RxSwift */; };
		D667938F2B03DF690022A47F /* RealmSwift in Frameworks */ = {isa = PBXBuildFile; productRef = D667938E2B03DF690022A47F /* RealmSwift */; };
		D66793922B03DF710022A47F /* Kingfisher in Frameworks */ = {isa = PBXBuildFile; productRef = D66793912B03DF710022A47F /* Kingfisher */; };
		D66793952B03DF790022A47F /* Alamofire in Frameworks */ = {isa = PBXBuildFile; productRef = D66793942B03DF790022A47F /* Alamofire */; };
		D66793982B03DF830022A47F /* SnapKit in Frameworks */ = {isa = PBXBuildFile; productRef = D66793972B03DF830022A47F /* SnapKit */; };
		D667939B2B03DF8C0022A47F /* Toast in Frameworks */ = {isa = PBXBuildFile; productRef = D667939A2B03DF8C0022A47F /* Toast */; };
		D667939D2B03E01E0022A47F /* .gitIgnore in Resources */ = {isa = PBXBuildFile; fileRef = D667939C2B03E01E0022A47F /* .gitIgnore */; };
		D667939F2B03E1E20022A47F /* APIKey.swift in Sources */ = {isa = PBXBuildFile; fileRef = D667939E2B03E1E20022A47F /* APIKey.swift */; };
		D66793AE2B0504C00022A47F /* LoginViewModel.swift in Sources */ = {isa = PBXBuildFile; fileRef = D66793AD2B0504C00022A47F /* LoginViewModel.swift */; };
		D66793B12B0512F50022A47F /* Router.swift in Sources */ = {isa = PBXBuildFile; fileRef = D66793B02B0512F50022A47F /* Router.swift */; };
		D66793B32B05248A0022A47F /* NetworkManager.swift in Sources */ = {isa = PBXBuildFile; fileRef = D66793B22B05248A0022A47F /* NetworkManager.swift */; };
		D696656A2B0CE899009610E9 /* LoginModel.swift in Sources */ = {isa = PBXBuildFile; fileRef = D69665692B0CE899009610E9 /* LoginModel.swift */; };
		D696656C2B0CE8D3009610E9 /* SignUpModel.swift in Sources */ = {isa = PBXBuildFile; fileRef = D696656B2B0CE8D3009610E9 /* SignUpModel.swift */; };
		D69665702B0CFB9B009610E9 /* LoginView.swift in Sources */ = {isa = PBXBuildFile; fileRef = D696656F2B0CFB9B009610E9 /* LoginView.swift */; };
		D69665732B0CFBC5009610E9 /* BaseViewController.swift in Sources */ = {isa = PBXBuildFile; fileRef = D69665722B0CFBC5009610E9 /* BaseViewController.swift */; };
		D69665752B0CFBCA009610E9 /* BaseView.swift in Sources */ = {isa = PBXBuildFile; fileRef = D69665742B0CFBCA009610E9 /* BaseView.swift */; };
		D696657F2B0DFB2B009610E9 /* UserDefaultsManager.swift in Sources */ = {isa = PBXBuildFile; fileRef = D696657E2B0DFB2B009610E9 /* UserDefaultsManager.swift */; };
		D699A40E2B0E0E5C00C93AA0 /* SignUpView.swift in Sources */ = {isa = PBXBuildFile; fileRef = D699A40D2B0E0E5C00C93AA0 /* SignUpView.swift */; };
		D699A4102B0E0E6A00C93AA0 /* SignUpViewController.swift in Sources */ = {isa = PBXBuildFile; fileRef = D699A40F2B0E0E6A00C93AA0 /* SignUpViewController.swift */; };
		D699A4132B0E355A00C93AA0 /* TextfieldTitleLabel.swift in Sources */ = {isa = PBXBuildFile; fileRef = D699A4122B0E355A00C93AA0 /* TextfieldTitleLabel.swift */; };
		D699A4152B0E6B9D00C93AA0 /* SignUpViewModel.swift in Sources */ = {isa = PBXBuildFile; fileRef = D699A4142B0E6B9D00C93AA0 /* SignUpViewModel.swift */; };
		D699A4452B0F7BB400C93AA0 /* EmailValidModel.swift in Sources */ = {isa = PBXBuildFile; fileRef = D699A4442B0F7BB400C93AA0 /* EmailValidModel.swift */; };
		D699A4532B11C18100C93AA0 /* TabbarController.swift in Sources */ = {isa = PBXBuildFile; fileRef = D699A4522B11C18100C93AA0 /* TabbarController.swift */; };
		D699A4552B11EE3E00C93AA0 /* StyleListViewController.swift in Sources */ = {isa = PBXBuildFile; fileRef = D699A4542B11EE3E00C93AA0 /* StyleListViewController.swift */; };
		D699A4582B11FE2400C93AA0 /* HomeCollectionViewCell.swift in Sources */ = {isa = PBXBuildFile; fileRef = D699A4572B11FE2400C93AA0 /* HomeCollectionViewCell.swift */; };
		D699A45A2B11FE4F00C93AA0 /* BaseCollectionViewCell.swift in Sources */ = {isa = PBXBuildFile; fileRef = D699A4592B11FE4F00C93AA0 /* BaseCollectionViewCell.swift */; };
		D699A45D2B120D9F00C93AA0 /* ResusableProtocol.swift in Sources */ = {isa = PBXBuildFile; fileRef = D699A45C2B120D9F00C93AA0 /* ResusableProtocol.swift */; };
		D699A45F2B125A5D00C93AA0 /* StyleListViewModel.swift in Sources */ = {isa = PBXBuildFile; fileRef = D699A45E2B125A5D00C93AA0 /* StyleListViewModel.swift */; };
		D699A4612B1269A600C93AA0 /* PostModel.swift in Sources */ = {isa = PBXBuildFile; fileRef = D699A4602B1269A600C93AA0 /* PostModel.swift */; };
		D6F1A77A2B208B8B002CFDE3 /* StyleDetailView.swift in Sources */ = {isa = PBXBuildFile; fileRef = D6F1A7792B208B8B002CFDE3 /* StyleDetailView.swift */; };
		D6F1A77D2B20CC7C002CFDE3 /* NickNameLabel.swift in Sources */ = {isa = PBXBuildFile; fileRef = D6F1A77C2B20CC7C002CFDE3 /* NickNameLabel.swift */; };
		D6F1A77F2B20CFC0002CFDE3 /* CommonGrayStyleLabel.swift in Sources */ = {isa = PBXBuildFile; fileRef = D6F1A77E2B20CFC0002CFDE3 /* CommonGrayStyleLabel.swift */; };
		D6F1A7812B20D0A3002CFDE3 /* StyleDetailViewController.swift in Sources */ = {isa = PBXBuildFile; fileRef = D6F1A7802B20D0A3002CFDE3 /* StyleDetailViewController.swift */; };
		D6F1A7832B20D220002CFDE3 /* ProfileView.swift in Sources */ = {isa = PBXBuildFile; fileRef = D6F1A7822B20D220002CFDE3 /* ProfileView.swift */; };
/* End PBXBuildFile section */

/* Begin PBXFileReference section */
		D61D4C2E2B246475001EA7D1 /* UIImageView+Extension.swift */ = {isa = PBXFileReference; lastKnownFileType = sourcecode.swift; path = "UIImageView+Extension.swift"; sourceTree = "<group>"; };
		D61D4C302B24720B001EA7D1 /* UIImage+Extension.swift */ = {isa = PBXFileReference; lastKnownFileType = sourcecode.swift; path = "UIImage+Extension.swift"; sourceTree = "<group>"; };
		D61D4C322B2479AC001EA7D1 /* StyleDetailViewModel.swift */ = {isa = PBXFileReference; lastKnownFileType = sourcecode.swift; path = StyleDetailViewModel.swift; sourceTree = "<group>"; };
		D61D4C342B249E3D001EA7D1 /* CommentWriteView.swift */ = {isa = PBXFileReference; lastKnownFileType = sourcecode.swift; path = CommentWriteView.swift; sourceTree = "<group>"; };
		D61D4C362B25E70E001EA7D1 /* ViewModelProtocol.swift */ = {isa = PBXFileReference; lastKnownFileType = sourcecode.swift; path = ViewModelProtocol.swift; sourceTree = "<group>"; };
		D61D4C382B262D3A001EA7D1 /* CommentTableViewCell.swift */ = {isa = PBXFileReference; lastKnownFileType = sourcecode.swift; path = CommentTableViewCell.swift; sourceTree = "<group>"; };
		D61D4C3A2B2632C4001EA7D1 /* SelfSizingTableView.swift */ = {isa = PBXFileReference; lastKnownFileType = sourcecode.swift; path = SelfSizingTableView.swift; sourceTree = "<group>"; };
		D66338CD2B133220004EEDA0 /* TokenIntercetor.swift */ = {isa = PBXFileReference; lastKnownFileType = sourcecode.swift; path = TokenIntercetor.swift; sourceTree = "<group>"; };
		D66338CF2B134EBF004EEDA0 /* RefreshModel.swift */ = {isa = PBXFileReference; lastKnownFileType = sourcecode.swift; path = RefreshModel.swift; sourceTree = "<group>"; };
		D66338D22B138536004EEDA0 /* NetWorkErrorType.swift */ = {isa = PBXFileReference; lastKnownFileType = sourcecode.swift; path = NetWorkErrorType.swift; sourceTree = "<group>"; };
		D66338D42B138558004EEDA0 /* ErrorResponseMessages.swift */ = {isa = PBXFileReference; lastKnownFileType = sourcecode.swift; path = ErrorResponseMessages.swift; sourceTree = "<group>"; };
		D66338DE2B13A5F2004EEDA0 /* StyleEditView.swift */ = {isa = PBXFileReference; lastKnownFileType = sourcecode.swift; path = StyleEditView.swift; sourceTree = "<group>"; };
		D66338E02B13A68C004EEDA0 /* StyleEditViewController.swift */ = {isa = PBXFileReference; lastKnownFileType = sourcecode.swift; path = StyleEditViewController.swift; sourceTree = "<group>"; };
		D66338F42B14AF21004EEDA0 /* PostInfoModel.swift */ = {isa = PBXFileReference; lastKnownFileType = sourcecode.swift; path = PostInfoModel.swift; sourceTree = "<group>"; };
		D66338F62B14C1E3004EEDA0 /* StyleEditViewModel.swift */ = {isa = PBXFileReference; lastKnownFileType = sourcecode.swift; path = StyleEditViewModel.swift; sourceTree = "<group>"; };
		D66339152B17A9F3004EEDA0 /* SCloset.entitlements */ = {isa = PBXFileReference; lastKnownFileType = text.plist.entitlements; path = SCloset.entitlements; sourceTree = "<group>"; };
		D663393C2B18E0EA004EEDA0 /* WeatherManager.swift */ = {isa = PBXFileReference; lastKnownFileType = sourcecode.swift; path = WeatherManager.swift; sourceTree = "<group>"; };
		D66339402B18F380004EEDA0 /* Date+Extension.swift */ = {isa = PBXFileReference; lastKnownFileType = sourcecode.swift; path = "Date+Extension.swift"; sourceTree = "<group>"; };
		D66339422B18F880004EEDA0 /* TodayWeatherModel.swift */ = {isa = PBXFileReference; lastKnownFileType = sourcecode.swift; path = TodayWeatherModel.swift; sourceTree = "<group>"; };
		D66339642B1B2F18004EEDA0 /* UIViewController+Extension.swift */ = {isa = PBXFileReference; lastKnownFileType = sourcecode.swift; path = "UIViewController+Extension.swift"; sourceTree = "<group>"; };
		D66793612B03DE780022A47F /* SCloset.app */ = {isa = PBXFileReference; explicitFileType = wrapper.application; includeInIndex = 0; path = SCloset.app; sourceTree = BUILT_PRODUCTS_DIR; };
		D66793642B03DE780022A47F /* AppDelegate.swift */ = {isa = PBXFileReference; lastKnownFileType = sourcecode.swift; path = AppDelegate.swift; sourceTree = "<group>"; };
		D66793662B03DE780022A47F /* SceneDelegate.swift */ = {isa = PBXFileReference; lastKnownFileType = sourcecode.swift; path = SceneDelegate.swift; sourceTree = "<group>"; };
		D66793682B03DE780022A47F /* LoginViewController.swift */ = {isa = PBXFileReference; lastKnownFileType = sourcecode.swift; path = LoginViewController.swift; sourceTree = "<group>"; };
		D667936D2B03DE7A0022A47F /* Assets.xcassets */ = {isa = PBXFileReference; lastKnownFileType = folder.assetcatalog; path = Assets.xcassets; sourceTree = "<group>"; };
		D66793702B03DE7A0022A47F /* Base */ = {isa = PBXFileReference; lastKnownFileType = file.storyboard; name = Base; path = Base.lproj/LaunchScreen.storyboard; sourceTree = "<group>"; };
		D66793722B03DE7A0022A47F /* Info.plist */ = {isa = PBXFileReference; lastKnownFileType = text.plist.xml; path = Info.plist; sourceTree = "<group>"; };
		D667939C2B03E01E0022A47F /* .gitIgnore */ = {isa = PBXFileReference; lastKnownFileType = text; path = .gitIgnore; sourceTree = "<group>"; };
		D667939E2B03E1E20022A47F /* APIKey.swift */ = {isa = PBXFileReference; lastKnownFileType = sourcecode.swift; path = APIKey.swift; sourceTree = "<group>"; };
		D66793AD2B0504C00022A47F /* LoginViewModel.swift */ = {isa = PBXFileReference; lastKnownFileType = sourcecode.swift; path = LoginViewModel.swift; sourceTree = "<group>"; };
		D66793B02B0512F50022A47F /* Router.swift */ = {isa = PBXFileReference; lastKnownFileType = sourcecode.swift; path = Router.swift; sourceTree = "<group>"; };
		D66793B22B05248A0022A47F /* NetworkManager.swift */ = {isa = PBXFileReference; lastKnownFileType = sourcecode.swift; path = NetworkManager.swift; sourceTree = "<group>"; };
		D69665692B0CE899009610E9 /* LoginModel.swift */ = {isa = PBXFileReference; lastKnownFileType = sourcecode.swift; path = LoginModel.swift; sourceTree = "<group>"; };
		D696656B2B0CE8D3009610E9 /* SignUpModel.swift */ = {isa = PBXFileReference; lastKnownFileType = sourcecode.swift; path = SignUpModel.swift; sourceTree = "<group>"; };
		D696656F2B0CFB9B009610E9 /* LoginView.swift */ = {isa = PBXFileReference; lastKnownFileType = sourcecode.swift; path = LoginView.swift; sourceTree = "<group>"; };
		D69665722B0CFBC5009610E9 /* BaseViewController.swift */ = {isa = PBXFileReference; lastKnownFileType = sourcecode.swift; path = BaseViewController.swift; sourceTree = "<group>"; };
		D69665742B0CFBCA009610E9 /* BaseView.swift */ = {isa = PBXFileReference; lastKnownFileType = sourcecode.swift; path = BaseView.swift; sourceTree = "<group>"; };
		D696657E2B0DFB2B009610E9 /* UserDefaultsManager.swift */ = {isa = PBXFileReference; lastKnownFileType = sourcecode.swift; path = UserDefaultsManager.swift; sourceTree = "<group>"; };
		D699A40D2B0E0E5C00C93AA0 /* SignUpView.swift */ = {isa = PBXFileReference; lastKnownFileType = sourcecode.swift; path = SignUpView.swift; sourceTree = "<group>"; };
		D699A40F2B0E0E6A00C93AA0 /* SignUpViewController.swift */ = {isa = PBXFileReference; lastKnownFileType = sourcecode.swift; path = SignUpViewController.swift; sourceTree = "<group>"; };
		D699A4122B0E355A00C93AA0 /* TextfieldTitleLabel.swift */ = {isa = PBXFileReference; lastKnownFileType = sourcecode.swift; path = TextfieldTitleLabel.swift; sourceTree = "<group>"; };
		D699A4142B0E6B9D00C93AA0 /* SignUpViewModel.swift */ = {isa = PBXFileReference; lastKnownFileType = sourcecode.swift; path = SignUpViewModel.swift; sourceTree = "<group>"; };
		D699A4442B0F7BB400C93AA0 /* EmailValidModel.swift */ = {isa = PBXFileReference; lastKnownFileType = sourcecode.swift; path = EmailValidModel.swift; sourceTree = "<group>"; };
		D699A4522B11C18100C93AA0 /* TabbarController.swift */ = {isa = PBXFileReference; lastKnownFileType = sourcecode.swift; path = TabbarController.swift; sourceTree = "<group>"; };
		D699A4542B11EE3E00C93AA0 /* StyleListViewController.swift */ = {isa = PBXFileReference; lastKnownFileType = sourcecode.swift; path = StyleListViewController.swift; sourceTree = "<group>"; };
		D699A4572B11FE2400C93AA0 /* HomeCollectionViewCell.swift */ = {isa = PBXFileReference; lastKnownFileType = sourcecode.swift; path = HomeCollectionViewCell.swift; sourceTree = "<group>"; };
		D699A4592B11FE4F00C93AA0 /* BaseCollectionViewCell.swift */ = {isa = PBXFileReference; lastKnownFileType = sourcecode.swift; path = BaseCollectionViewCell.swift; sourceTree = "<group>"; };
		D699A45C2B120D9F00C93AA0 /* ResusableProtocol.swift */ = {isa = PBXFileReference; lastKnownFileType = sourcecode.swift; path = ResusableProtocol.swift; sourceTree = "<group>"; };
		D699A45E2B125A5D00C93AA0 /* StyleListViewModel.swift */ = {isa = PBXFileReference; lastKnownFileType = sourcecode.swift; path = StyleListViewModel.swift; sourceTree = "<group>"; };
		D699A4602B1269A600C93AA0 /* PostModel.swift */ = {isa = PBXFileReference; lastKnownFileType = sourcecode.swift; path = PostModel.swift; sourceTree = "<group>"; };
		D6F1A7792B208B8B002CFDE3 /* StyleDetailView.swift */ = {isa = PBXFileReference; lastKnownFileType = sourcecode.swift; path = StyleDetailView.swift; sourceTree = "<group>"; };
		D6F1A77C2B20CC7C002CFDE3 /* NickNameLabel.swift */ = {isa = PBXFileReference; lastKnownFileType = sourcecode.swift; path = NickNameLabel.swift; sourceTree = "<group>"; };
		D6F1A77E2B20CFC0002CFDE3 /* CommonGrayStyleLabel.swift */ = {isa = PBXFileReference; lastKnownFileType = sourcecode.swift; path = CommonGrayStyleLabel.swift; sourceTree = "<group>"; };
		D6F1A7802B20D0A3002CFDE3 /* StyleDetailViewController.swift */ = {isa = PBXFileReference; lastKnownFileType = sourcecode.swift; path = StyleDetailViewController.swift; sourceTree = "<group>"; };
		D6F1A7822B20D220002CFDE3 /* ProfileView.swift */ = {isa = PBXFileReference; lastKnownFileType = sourcecode.swift; path = ProfileView.swift; sourceTree = "<group>"; };
/* End PBXFileReference section */

/* Begin PBXFrameworksBuildPhase section */
		D667935E2B03DE780022A47F /* Frameworks */ = {
			isa = PBXFrameworksBuildPhase;
			buildActionMask = 2147483647;
			files = (
				D66793922B03DF710022A47F /* Kingfisher in Frameworks */,
				D667939B2B03DF8C0022A47F /* Toast in Frameworks */,
				D66793982B03DF830022A47F /* SnapKit in Frameworks */,
				D66793822B03DF5E0022A47F /* RxRelay in Frameworks */,
				D667937E2B03DF5E0022A47F /* RxCocoa in Frameworks */,
				D667938F2B03DF690022A47F /* RealmSwift in Frameworks */,
				D66793862B03DF5E0022A47F /* RxSwift in Frameworks */,
				D66793952B03DF790022A47F /* Alamofire in Frameworks */,
			);
			runOnlyForDeploymentPostprocessing = 0;
		};
/* End PBXFrameworksBuildPhase section */

/* Begin PBXGroup section */
		D66338D12B13851D004EEDA0 /* Error */ = {
			isa = PBXGroup;
			children = (
				D66338D22B138536004EEDA0 /* NetWorkErrorType.swift */,
				D66338D42B138558004EEDA0 /* ErrorResponseMessages.swift */,
			);
			path = Error;
			sourceTree = "<group>";
		};
		D66338D62B139656004EEDA0 /* Closet */ = {
			isa = PBXGroup;
			children = (
				D66338D72B139E61004EEDA0 /* List */,
			);
			path = Closet;
			sourceTree = "<group>";
		};
		D66338D72B139E61004EEDA0 /* List */ = {
			isa = PBXGroup;
			children = (
				D66338D92B139E71004EEDA0 /* ViewModel */,
				D66338D82B139E6C004EEDA0 /* View */,
			);
			path = List;
			sourceTree = "<group>";
		};
		D66338D82B139E6C004EEDA0 /* View */ = {
			isa = PBXGroup;
			children = (
			);
			path = View;
			sourceTree = "<group>";
		};
		D66338D92B139E71004EEDA0 /* ViewModel */ = {
			isa = PBXGroup;
			children = (
			);
			path = ViewModel;
			sourceTree = "<group>";
		};
		D66338DA2B13A26C004EEDA0 /* List */ = {
			isa = PBXGroup;
			children = (
				D699A4502B11C16300C93AA0 /* ViewModel */,
				D699A44F2B11C15A00C93AA0 /* View */,
			);
			path = List;
			sourceTree = "<group>";
		};
		D66338DB2B13A2EE004EEDA0 /* Edit */ = {
			isa = PBXGroup;
			children = (
				D66338DD2B13A2F9004EEDA0 /* ViewModel */,
				D66338DC2B13A2F4004EEDA0 /* View */,
			);
			path = Edit;
			sourceTree = "<group>";
		};
		D66338DC2B13A2F4004EEDA0 /* View */ = {
			isa = PBXGroup;
			children = (
				D66338DE2B13A5F2004EEDA0 /* StyleEditView.swift */,
				D66338E02B13A68C004EEDA0 /* StyleEditViewController.swift */,
			);
			path = View;
			sourceTree = "<group>";
		};
		D66338DD2B13A2F9004EEDA0 /* ViewModel */ = {
			isa = PBXGroup;
			children = (
				D66338F62B14C1E3004EEDA0 /* StyleEditViewModel.swift */,
			);
			path = ViewModel;
			sourceTree = "<group>";
		};
		D663393E2B18EEB1004EEDA0 /* Weather */ = {
			isa = PBXGroup;
			children = (
				D663393C2B18E0EA004EEDA0 /* WeatherManager.swift */,
				D66339422B18F880004EEDA0 /* TodayWeatherModel.swift */,
			);
			path = Weather;
			sourceTree = "<group>";
		};
		D663393F2B18F34B004EEDA0 /* Extenstion */ = {
			isa = PBXGroup;
			children = (
				D66339402B18F380004EEDA0 /* Date+Extension.swift */,
				D66339642B1B2F18004EEDA0 /* UIViewController+Extension.swift */,
				D61D4C2E2B246475001EA7D1 /* UIImageView+Extension.swift */,
				D61D4C302B24720B001EA7D1 /* UIImage+Extension.swift */,
			);
			path = Extenstion;
			sourceTree = "<group>";
		};
		D66793582B03DE780022A47F = {
			isa = PBXGroup;
			children = (
				D66793632B03DE780022A47F /* SCloset */,
				D66793622B03DE780022A47F /* Products */,
			);
			sourceTree = "<group>";
		};
		D66793622B03DE780022A47F /* Products */ = {
			isa = PBXGroup;
			children = (
				D66793612B03DE780022A47F /* SCloset.app */,
			);
			name = Products;
			sourceTree = "<group>";
		};
		D66793632B03DE780022A47F /* SCloset */ = {
			isa = PBXGroup;
			children = (
				D663393F2B18F34B004EEDA0 /* Extenstion */,
				D66339152B17A9F3004EEDA0 /* SCloset.entitlements */,
				D699A45B2B120D8D00C93AA0 /* Protocol */,
				D696657D2B0DF901009610E9 /* Service */,
				D69665802B0E0A48009610E9 /* Scene */,
				D66793642B03DE780022A47F /* AppDelegate.swift */,
				D66793662B03DE780022A47F /* SceneDelegate.swift */,
				D667936D2B03DE7A0022A47F /* Assets.xcassets */,
				D667936F2B03DE7A0022A47F /* LaunchScreen.storyboard */,
				D66793722B03DE7A0022A47F /* Info.plist */,
				D667939C2B03E01E0022A47F /* .gitIgnore */,
				D667939E2B03E1E20022A47F /* APIKey.swift */,
			);
			path = SCloset;
			sourceTree = "<group>";
		};
		D66793AC2B0504420022A47F /* Login */ = {
			isa = PBXGroup;
			children = (
				D696656E2B0CFB69009610E9 /* Viewmodel */,
				D696656D2B0CFB60009610E9 /* View */,
			);
			path = Login;
			sourceTree = "<group>";
		};
		D66793AF2B0512E90022A47F /* Network */ = {
			isa = PBXGroup;
			children = (
				D66338D12B13851D004EEDA0 /* Error */,
				D69665682B0CE885009610E9 /* Model */,
				D66793B02B0512F50022A47F /* Router.swift */,
				D66793B22B05248A0022A47F /* NetworkManager.swift */,
				D66338CD2B133220004EEDA0 /* TokenIntercetor.swift */,
			);
			path = Network;
			sourceTree = "<group>";
		};
		D69665682B0CE885009610E9 /* Model */ = {
			isa = PBXGroup;
			children = (
				D69665692B0CE899009610E9 /* LoginModel.swift */,
				D696656B2B0CE8D3009610E9 /* SignUpModel.swift */,
				D699A4442B0F7BB400C93AA0 /* EmailValidModel.swift */,
				D699A4602B1269A600C93AA0 /* PostModel.swift */,
				D66338CF2B134EBF004EEDA0 /* RefreshModel.swift */,
				D66338F42B14AF21004EEDA0 /* PostInfoModel.swift */,
			);
			path = Model;
			sourceTree = "<group>";
		};
		D696656D2B0CFB60009610E9 /* View */ = {
			isa = PBXGroup;
			children = (
				D66793682B03DE780022A47F /* LoginViewController.swift */,
				D696656F2B0CFB9B009610E9 /* LoginView.swift */,
			);
			path = View;
			sourceTree = "<group>";
		};
		D696656E2B0CFB69009610E9 /* Viewmodel */ = {
			isa = PBXGroup;
			children = (
				D66793AD2B0504C00022A47F /* LoginViewModel.swift */,
			);
			path = Viewmodel;
			sourceTree = "<group>";
		};
		D69665712B0CFBAF009610E9 /* Base */ = {
			isa = PBXGroup;
			children = (
				D69665722B0CFBC5009610E9 /* BaseViewController.swift */,
				D69665742B0CFBCA009610E9 /* BaseView.swift */,
				D699A4592B11FE4F00C93AA0 /* BaseCollectionViewCell.swift */,
			);
			path = Base;
			sourceTree = "<group>";
		};
		D696657D2B0DF901009610E9 /* Service */ = {
			isa = PBXGroup;
			children = (
				D663393E2B18EEB1004EEDA0 /* Weather */,
				D66793AF2B0512E90022A47F /* Network */,
				D696657E2B0DFB2B009610E9 /* UserDefaultsManager.swift */,
			);
			path = Service;
			sourceTree = "<group>";
		};
		D69665802B0E0A48009610E9 /* Scene */ = {
			isa = PBXGroup;
			children = (
				D66338D62B139656004EEDA0 /* Closet */,
				D66793AC2B0504420022A47F /* Login */,
				D699A40A2B0E0B0900C93AA0 /* SignUp */,
				D699A44E2B11C13E00C93AA0 /* Style */,
				D69665712B0CFBAF009610E9 /* Base */,
				D699A4512B11C16F00C93AA0 /* TabBar */,
				D699A4112B0E353200C93AA0 /* Component */,
			);
			path = Scene;
			sourceTree = "<group>";
		};
		D699A40A2B0E0B0900C93AA0 /* SignUp */ = {
			isa = PBXGroup;
			children = (
				D699A40C2B0E0B3100C93AA0 /* ViewModel */,
				D699A40B2B0E0B2A00C93AA0 /* View */,
			);
			path = SignUp;
			sourceTree = "<group>";
		};
		D699A40B2B0E0B2A00C93AA0 /* View */ = {
			isa = PBXGroup;
			children = (
				D699A40D2B0E0E5C00C93AA0 /* SignUpView.swift */,
				D699A40F2B0E0E6A00C93AA0 /* SignUpViewController.swift */,
			);
			path = View;
			sourceTree = "<group>";
		};
		D699A40C2B0E0B3100C93AA0 /* ViewModel */ = {
			isa = PBXGroup;
			children = (
				D699A4142B0E6B9D00C93AA0 /* SignUpViewModel.swift */,
			);
			path = ViewModel;
			sourceTree = "<group>";
		};
		D699A4112B0E353200C93AA0 /* Component */ = {
			isa = PBXGroup;
			children = (
				D6F1A77B2B20CC13002CFDE3 /* View */,
				D699A4562B11F40000C93AA0 /* cell */,
			);
			path = Component;
			sourceTree = "<group>";
		};
		D699A44E2B11C13E00C93AA0 /* Style */ = {
			isa = PBXGroup;
			children = (
				D6F1A7762B208B6D002CFDE3 /* Detail */,
				D66338DB2B13A2EE004EEDA0 /* Edit */,
				D66338DA2B13A26C004EEDA0 /* List */,
			);
			path = Style;
			sourceTree = "<group>";
		};
		D699A44F2B11C15A00C93AA0 /* View */ = {
			isa = PBXGroup;
			children = (
				D699A4542B11EE3E00C93AA0 /* StyleListViewController.swift */,
			);
			path = View;
			sourceTree = "<group>";
		};
		D699A4502B11C16300C93AA0 /* ViewModel */ = {
			isa = PBXGroup;
			children = (
				D699A45E2B125A5D00C93AA0 /* StyleListViewModel.swift */,
			);
			path = ViewModel;
			sourceTree = "<group>";
		};
		D699A4512B11C16F00C93AA0 /* TabBar */ = {
			isa = PBXGroup;
			children = (
				D699A4522B11C18100C93AA0 /* TabbarController.swift */,
			);
			path = TabBar;
			sourceTree = "<group>";
		};
		D699A4562B11F40000C93AA0 /* cell */ = {
			isa = PBXGroup;
			children = (
				D699A4572B11FE2400C93AA0 /* HomeCollectionViewCell.swift */,
				D61D4C382B262D3A001EA7D1 /* CommentTableViewCell.swift */,
			);
			path = cell;
			sourceTree = "<group>";
		};
		D699A45B2B120D8D00C93AA0 /* Protocol */ = {
			isa = PBXGroup;
			children = (
				D699A45C2B120D9F00C93AA0 /* ResusableProtocol.swift */,
				D61D4C362B25E70E001EA7D1 /* ViewModelProtocol.swift */,
			);
			path = Protocol;
			sourceTree = "<group>";
		};
		D6F1A7762B208B6D002CFDE3 /* Detail */ = {
			isa = PBXGroup;
			children = (
				D6F1A7782B208B7C002CFDE3 /* ViewModel */,
				D6F1A7772B208B77002CFDE3 /* View */,
			);
			path = Detail;
			sourceTree = "<group>";
		};
		D6F1A7772B208B77002CFDE3 /* View */ = {
			isa = PBXGroup;
			children = (
				D6F1A7792B208B8B002CFDE3 /* StyleDetailView.swift */,
				D6F1A7802B20D0A3002CFDE3 /* StyleDetailViewController.swift */,
			);
			path = View;
			sourceTree = "<group>";
		};
		D6F1A7782B208B7C002CFDE3 /* ViewModel */ = {
			isa = PBXGroup;
			children = (
				D61D4C322B2479AC001EA7D1 /* StyleDetailViewModel.swift */,
			);
			path = ViewModel;
			sourceTree = "<group>";
		};
		D6F1A77B2B20CC13002CFDE3 /* View */ = {
			isa = PBXGroup;
			children = (
				D699A4122B0E355A00C93AA0 /* TextfieldTitleLabel.swift */,
				D6F1A77C2B20CC7C002CFDE3 /* NickNameLabel.swift */,
				D6F1A77E2B20CFC0002CFDE3 /* CommonGrayStyleLabel.swift */,
				D6F1A7822B20D220002CFDE3 /* ProfileView.swift */,
				D61D4C342B249E3D001EA7D1 /* CommentWriteView.swift */,
				D61D4C3A2B2632C4001EA7D1 /* SelfSizingTableView.swift */,
			);
			path = View;
			sourceTree = "<group>";
		};
/* End PBXGroup section */

/* Begin PBXNativeTarget section */
		D66793602B03DE780022A47F /* SCloset */ = {
			isa = PBXNativeTarget;
			buildConfigurationList = D66793752B03DE7A0022A47F /* Build configuration list for PBXNativeTarget "SCloset" */;
			buildPhases = (
				D667935D2B03DE780022A47F /* Sources */,
				D667935E2B03DE780022A47F /* Frameworks */,
				D667935F2B03DE780022A47F /* Resources */,
			);
			buildRules = (
			);
			dependencies = (
			);
			name = SCloset;
			packageProductDependencies = (
				D667937D2B03DF5E0022A47F /* RxCocoa */,
				D66793812B03DF5E0022A47F /* RxRelay */,
				D66793852B03DF5E0022A47F /* RxSwift */,
				D667938E2B03DF690022A47F /* RealmSwift */,
				D66793912B03DF710022A47F /* Kingfisher */,
				D66793942B03DF790022A47F /* Alamofire */,
				D66793972B03DF830022A47F /* SnapKit */,
				D667939A2B03DF8C0022A47F /* Toast */,
			);
			productName = SCloset;
			productReference = D66793612B03DE780022A47F /* SCloset.app */;
			productType = "com.apple.product-type.application";
		};
/* End PBXNativeTarget section */

/* Begin PBXProject section */
		D66793592B03DE780022A47F /* Project object */ = {
			isa = PBXProject;
			attributes = {
				BuildIndependentTargetsInParallel = 1;
				LastSwiftUpdateCheck = 1500;
				LastUpgradeCheck = 1500;
				TargetAttributes = {
					D66793602B03DE780022A47F = {
						CreatedOnToolsVersion = 15.0.1;
					};
				};
			};
			buildConfigurationList = D667935C2B03DE780022A47F /* Build configuration list for PBXProject "SCloset" */;
			compatibilityVersion = "Xcode 14.0";
			developmentRegion = en;
			hasScannedForEncodings = 0;
			knownRegions = (
				en,
				Base,
			);
			mainGroup = D66793582B03DE780022A47F;
			packageReferences = (
				D66793782B03DF5E0022A47F /* XCRemoteSwiftPackageReference "RxSwift" */,
				D667938D2B03DF690022A47F /* XCRemoteSwiftPackageReference "realm-swift" */,
				D66793902B03DF710022A47F /* XCRemoteSwiftPackageReference "Kingfisher" */,
				D66793932B03DF790022A47F /* XCRemoteSwiftPackageReference "Alamofire" */,
				D66793962B03DF830022A47F /* XCRemoteSwiftPackageReference "SnapKit" */,
				D66793992B03DF8C0022A47F /* XCRemoteSwiftPackageReference "Toast-Swift" */,
			);
			productRefGroup = D66793622B03DE780022A47F /* Products */;
			projectDirPath = "";
			projectRoot = "";
			targets = (
				D66793602B03DE780022A47F /* SCloset */,
			);
		};
/* End PBXProject section */

/* Begin PBXResourcesBuildPhase section */
		D667935F2B03DE780022A47F /* Resources */ = {
			isa = PBXResourcesBuildPhase;
			buildActionMask = 2147483647;
			files = (
				D66793712B03DE7A0022A47F /* LaunchScreen.storyboard in Resources */,
				D667936E2B03DE7A0022A47F /* Assets.xcassets in Resources */,
				D667939D2B03E01E0022A47F /* .gitIgnore in Resources */,
			);
			runOnlyForDeploymentPostprocessing = 0;
		};
/* End PBXResourcesBuildPhase section */

/* Begin PBXSourcesBuildPhase section */
		D667935D2B03DE780022A47F /* Sources */ = {
			isa = PBXSourcesBuildPhase;
			buildActionMask = 2147483647;
			files = (
				D66338D02B134EBF004EEDA0 /* RefreshModel.swift in Sources */,
				D66338D52B138558004EEDA0 /* ErrorResponseMessages.swift in Sources */,
				D6F1A77F2B20CFC0002CFDE3 /* CommonGrayStyleLabel.swift in Sources */,
				D66793692B03DE780022A47F /* LoginViewController.swift in Sources */,
				D699A4152B0E6B9D00C93AA0 /* SignUpViewModel.swift in Sources */,
				D66793652B03DE780022A47F /* AppDelegate.swift in Sources */,
				D69665732B0CFBC5009610E9 /* BaseViewController.swift in Sources */,
				D69665752B0CFBCA009610E9 /* BaseView.swift in Sources */,
				D699A4452B0F7BB400C93AA0 /* EmailValidModel.swift in Sources */,
				D667939F2B03E1E20022A47F /* APIKey.swift in Sources */,
				D699A45D2B120D9F00C93AA0 /* ResusableProtocol.swift in Sources */,
				D696656C2B0CE8D3009610E9 /* SignUpModel.swift in Sources */,
				D61D4C312B24720B001EA7D1 /* UIImage+Extension.swift in Sources */,
				D61D4C332B2479AC001EA7D1 /* StyleDetailViewModel.swift in Sources */,
				D696657F2B0DFB2B009610E9 /* UserDefaultsManager.swift in Sources */,
				D66338F52B14AF21004EEDA0 /* PostInfoModel.swift in Sources */,
				D61D4C372B25E70E001EA7D1 /* ViewModelProtocol.swift in Sources */,
				D66338DF2B13A5F2004EEDA0 /* StyleEditView.swift in Sources */,
				D66793B32B05248A0022A47F /* NetworkManager.swift in Sources */,
				D66793AE2B0504C00022A47F /* LoginViewModel.swift in Sources */,
				D699A4102B0E0E6A00C93AA0 /* SignUpViewController.swift in Sources */,
				D61D4C2F2B246475001EA7D1 /* UIImageView+Extension.swift in Sources */,
				D66339412B18F380004EEDA0 /* Date+Extension.swift in Sources */,
				D663393D2B18E0EA004EEDA0 /* WeatherManager.swift in Sources */,
				D696656A2B0CE899009610E9 /* LoginModel.swift in Sources */,
				D61D4C3B2B2632C4001EA7D1 /* SelfSizingTableView.swift in Sources */,
				D6F1A7812B20D0A3002CFDE3 /* StyleDetailViewController.swift in Sources */,
				D66339432B18F880004EEDA0 /* TodayWeatherModel.swift in Sources */,
				D6F1A77D2B20CC7C002CFDE3 /* NickNameLabel.swift in Sources */,
				D699A40E2B0E0E5C00C93AA0 /* SignUpView.swift in Sources */,
				D66339652B1B2F18004EEDA0 /* UIViewController+Extension.swift in Sources */,
				D699A4582B11FE2400C93AA0 /* HomeCollectionViewCell.swift in Sources */,
				D699A45A2B11FE4F00C93AA0 /* BaseCollectionViewCell.swift in Sources */,
				D61D4C392B262D3A001EA7D1 /* CommentTableViewCell.swift in Sources */,
				D699A4532B11C18100C93AA0 /* TabbarController.swift in Sources */,
				D699A4552B11EE3E00C93AA0 /* StyleListViewController.swift in Sources */,
				D6F1A77A2B208B8B002CFDE3 /* StyleDetailView.swift in Sources */,
				D699A45F2B125A5D00C93AA0 /* StyleListViewModel.swift in Sources */,
				D66793B12B0512F50022A47F /* Router.swift in Sources */,
				D61D4C352B249E3D001EA7D1 /* CommentWriteView.swift in Sources */,
				D699A4612B1269A600C93AA0 /* PostModel.swift in Sources */,
				D66338D32B138536004EEDA0 /* NetWorkErrorType.swift in Sources */,
				D69665702B0CFB9B009610E9 /* LoginView.swift in Sources */,
				D66338F72B14C1E3004EEDA0 /* StyleEditViewModel.swift in Sources */,
				D66793672B03DE780022A47F /* SceneDelegate.swift in Sources */,
				D66338CE2B133220004EEDA0 /* TokenIntercetor.swift in Sources */,
				D66338E12B13A68C004EEDA0 /* StyleEditViewController.swift in Sources */,
				D6F1A7832B20D220002CFDE3 /* ProfileView.swift in Sources */,
				D699A4132B0E355A00C93AA0 /* TextfieldTitleLabel.swift in Sources */,
			);
			runOnlyForDeploymentPostprocessing = 0;
		};
/* End PBXSourcesBuildPhase section */

/* Begin PBXVariantGroup section */
		D667936F2B03DE7A0022A47F /* LaunchScreen.storyboard */ = {
			isa = PBXVariantGroup;
			children = (
				D66793702B03DE7A0022A47F /* Base */,
			);
			name = LaunchScreen.storyboard;
			sourceTree = "<group>";
		};
/* End PBXVariantGroup section */

/* Begin XCBuildConfiguration section */
		D66793732B03DE7A0022A47F /* Debug */ = {
			isa = XCBuildConfiguration;
			buildSettings = {
				ALWAYS_SEARCH_USER_PATHS = NO;
				ASSETCATALOG_COMPILER_GENERATE_SWIFT_ASSET_SYMBOL_EXTENSIONS = YES;
				CLANG_ANALYZER_NONNULL = YES;
				CLANG_ANALYZER_NUMBER_OBJECT_CONVERSION = YES_AGGRESSIVE;
				CLANG_CXX_LANGUAGE_STANDARD = "gnu++20";
				CLANG_ENABLE_MODULES = YES;
				CLANG_ENABLE_OBJC_ARC = YES;
				CLANG_ENABLE_OBJC_WEAK = YES;
				CLANG_WARN_BLOCK_CAPTURE_AUTORELEASING = YES;
				CLANG_WARN_BOOL_CONVERSION = YES;
				CLANG_WARN_COMMA = YES;
				CLANG_WARN_CONSTANT_CONVERSION = YES;
				CLANG_WARN_DEPRECATED_OBJC_IMPLEMENTATIONS = YES;
				CLANG_WARN_DIRECT_OBJC_ISA_USAGE = YES_ERROR;
				CLANG_WARN_DOCUMENTATION_COMMENTS = YES;
				CLANG_WARN_EMPTY_BODY = YES;
				CLANG_WARN_ENUM_CONVERSION = YES;
				CLANG_WARN_INFINITE_RECURSION = YES;
				CLANG_WARN_INT_CONVERSION = YES;
				CLANG_WARN_NON_LITERAL_NULL_CONVERSION = YES;
				CLANG_WARN_OBJC_IMPLICIT_RETAIN_SELF = YES;
				CLANG_WARN_OBJC_LITERAL_CONVERSION = YES;
				CLANG_WARN_OBJC_ROOT_CLASS = YES_ERROR;
				CLANG_WARN_QUOTED_INCLUDE_IN_FRAMEWORK_HEADER = YES;
				CLANG_WARN_RANGE_LOOP_ANALYSIS = YES;
				CLANG_WARN_STRICT_PROTOTYPES = YES;
				CLANG_WARN_SUSPICIOUS_MOVE = YES;
				CLANG_WARN_UNGUARDED_AVAILABILITY = YES_AGGRESSIVE;
				CLANG_WARN_UNREACHABLE_CODE = YES;
				CLANG_WARN__DUPLICATE_METHOD_MATCH = YES;
				COPY_PHASE_STRIP = NO;
				DEBUG_INFORMATION_FORMAT = dwarf;
				ENABLE_STRICT_OBJC_MSGSEND = YES;
				ENABLE_TESTABILITY = YES;
				ENABLE_USER_SCRIPT_SANDBOXING = YES;
				GCC_C_LANGUAGE_STANDARD = gnu17;
				GCC_DYNAMIC_NO_PIC = NO;
				GCC_NO_COMMON_BLOCKS = YES;
				GCC_OPTIMIZATION_LEVEL = 0;
				GCC_PREPROCESSOR_DEFINITIONS = (
					"DEBUG=1",
					"$(inherited)",
				);
				GCC_WARN_64_TO_32_BIT_CONVERSION = YES;
				GCC_WARN_ABOUT_RETURN_TYPE = YES_ERROR;
				GCC_WARN_UNDECLARED_SELECTOR = YES;
				GCC_WARN_UNINITIALIZED_AUTOS = YES_AGGRESSIVE;
				GCC_WARN_UNUSED_FUNCTION = YES;
				GCC_WARN_UNUSED_VARIABLE = YES;
				IPHONEOS_DEPLOYMENT_TARGET = 17.0;
				LOCALIZATION_PREFERS_STRING_CATALOGS = YES;
				MTL_ENABLE_DEBUG_INFO = INCLUDE_SOURCE;
				MTL_FAST_MATH = YES;
				ONLY_ACTIVE_ARCH = YES;
				SDKROOT = iphoneos;
				SWIFT_ACTIVE_COMPILATION_CONDITIONS = "DEBUG $(inherited)";
				SWIFT_OPTIMIZATION_LEVEL = "-Onone";
			};
			name = Debug;
		};
		D66793742B03DE7A0022A47F /* Release */ = {
			isa = XCBuildConfiguration;
			buildSettings = {
				ALWAYS_SEARCH_USER_PATHS = NO;
				ASSETCATALOG_COMPILER_GENERATE_SWIFT_ASSET_SYMBOL_EXTENSIONS = YES;
				CLANG_ANALYZER_NONNULL = YES;
				CLANG_ANALYZER_NUMBER_OBJECT_CONVERSION = YES_AGGRESSIVE;
				CLANG_CXX_LANGUAGE_STANDARD = "gnu++20";
				CLANG_ENABLE_MODULES = YES;
				CLANG_ENABLE_OBJC_ARC = YES;
				CLANG_ENABLE_OBJC_WEAK = YES;
				CLANG_WARN_BLOCK_CAPTURE_AUTORELEASING = YES;
				CLANG_WARN_BOOL_CONVERSION = YES;
				CLANG_WARN_COMMA = YES;
				CLANG_WARN_CONSTANT_CONVERSION = YES;
				CLANG_WARN_DEPRECATED_OBJC_IMPLEMENTATIONS = YES;
				CLANG_WARN_DIRECT_OBJC_ISA_USAGE = YES_ERROR;
				CLANG_WARN_DOCUMENTATION_COMMENTS = YES;
				CLANG_WARN_EMPTY_BODY = YES;
				CLANG_WARN_ENUM_CONVERSION = YES;
				CLANG_WARN_INFINITE_RECURSION = YES;
				CLANG_WARN_INT_CONVERSION = YES;
				CLANG_WARN_NON_LITERAL_NULL_CONVERSION = YES;
				CLANG_WARN_OBJC_IMPLICIT_RETAIN_SELF = YES;
				CLANG_WARN_OBJC_LITERAL_CONVERSION = YES;
				CLANG_WARN_OBJC_ROOT_CLASS = YES_ERROR;
				CLANG_WARN_QUOTED_INCLUDE_IN_FRAMEWORK_HEADER = YES;
				CLANG_WARN_RANGE_LOOP_ANALYSIS = YES;
				CLANG_WARN_STRICT_PROTOTYPES = YES;
				CLANG_WARN_SUSPICIOUS_MOVE = YES;
				CLANG_WARN_UNGUARDED_AVAILABILITY = YES_AGGRESSIVE;
				CLANG_WARN_UNREACHABLE_CODE = YES;
				CLANG_WARN__DUPLICATE_METHOD_MATCH = YES;
				COPY_PHASE_STRIP = NO;
				DEBUG_INFORMATION_FORMAT = "dwarf-with-dsym";
				ENABLE_NS_ASSERTIONS = NO;
				ENABLE_STRICT_OBJC_MSGSEND = YES;
				ENABLE_USER_SCRIPT_SANDBOXING = YES;
				GCC_C_LANGUAGE_STANDARD = gnu17;
				GCC_NO_COMMON_BLOCKS = YES;
				GCC_WARN_64_TO_32_BIT_CONVERSION = YES;
				GCC_WARN_ABOUT_RETURN_TYPE = YES_ERROR;
				GCC_WARN_UNDECLARED_SELECTOR = YES;
				GCC_WARN_UNINITIALIZED_AUTOS = YES_AGGRESSIVE;
				GCC_WARN_UNUSED_FUNCTION = YES;
				GCC_WARN_UNUSED_VARIABLE = YES;
				IPHONEOS_DEPLOYMENT_TARGET = 17.0;
				LOCALIZATION_PREFERS_STRING_CATALOGS = YES;
				MTL_ENABLE_DEBUG_INFO = NO;
				MTL_FAST_MATH = YES;
				SDKROOT = iphoneos;
				SWIFT_COMPILATION_MODE = wholemodule;
				VALIDATE_PRODUCT = YES;
			};
			name = Release;
		};
		D66793762B03DE7A0022A47F /* Debug */ = {
			isa = XCBuildConfiguration;
			buildSettings = {
				ASSETCATALOG_COMPILER_APPICON_NAME = AppIcon;
				ASSETCATALOG_COMPILER_GLOBAL_ACCENT_COLOR_NAME = AccentColor;
				CODE_SIGN_ENTITLEMENTS = SCloset/SCloset.entitlements;
				CODE_SIGN_STYLE = Automatic;
				CURRENT_PROJECT_VERSION = 1;
				DEVELOPMENT_TEAM = Y7C6A3W353;
				GENERATE_INFOPLIST_FILE = YES;
				INFOPLIST_FILE = SCloset/Info.plist;
				INFOPLIST_KEY_UIApplicationSupportsIndirectInputEvents = YES;
				INFOPLIST_KEY_UILaunchStoryboardName = LaunchScreen;
				INFOPLIST_KEY_UISupportedInterfaceOrientations = UIInterfaceOrientationPortrait;
				INFOPLIST_KEY_UISupportedInterfaceOrientations_iPad = "UIInterfaceOrientationLandscapeLeft UIInterfaceOrientationLandscapeRight UIInterfaceOrientationPortrait UIInterfaceOrientationPortraitUpsideDown";
				IPHONEOS_DEPLOYMENT_TARGET = 16.0;
				LD_RUNPATH_SEARCH_PATHS = (
					"$(inherited)",
					"@executable_path/Frameworks",
				);
				MARKETING_VERSION = 1.0;
				PRODUCT_BUNDLE_IDENTIFIER = com.sangnam.SCloset;
				PRODUCT_NAME = "$(TARGET_NAME)";
				SUPPORTED_PLATFORMS = "iphoneos iphonesimulator";
				SUPPORTS_MACCATALYST = NO;
				SUPPORTS_MAC_DESIGNED_FOR_IPHONE_IPAD = NO;
				SWIFT_EMIT_LOC_STRINGS = YES;
				SWIFT_VERSION = 5.0;
				TARGETED_DEVICE_FAMILY = 1;
			};
			name = Debug;
		};
		D66793772B03DE7A0022A47F /* Release */ = {
			isa = XCBuildConfiguration;
			buildSettings = {
				ASSETCATALOG_COMPILER_APPICON_NAME = AppIcon;
				ASSETCATALOG_COMPILER_GLOBAL_ACCENT_COLOR_NAME = AccentColor;
				CODE_SIGN_ENTITLEMENTS = SCloset/SCloset.entitlements;
				CODE_SIGN_STYLE = Automatic;
				CURRENT_PROJECT_VERSION = 1;
				DEVELOPMENT_TEAM = Y7C6A3W353;
				GENERATE_INFOPLIST_FILE = YES;
				INFOPLIST_FILE = SCloset/Info.plist;
				INFOPLIST_KEY_UIApplicationSupportsIndirectInputEvents = YES;
				INFOPLIST_KEY_UILaunchStoryboardName = LaunchScreen;
				INFOPLIST_KEY_UISupportedInterfaceOrientations = UIInterfaceOrientationPortrait;
				INFOPLIST_KEY_UISupportedInterfaceOrientations_iPad = "UIInterfaceOrientationLandscapeLeft UIInterfaceOrientationLandscapeRight UIInterfaceOrientationPortrait UIInterfaceOrientationPortraitUpsideDown";
				IPHONEOS_DEPLOYMENT_TARGET = 16.0;
				LD_RUNPATH_SEARCH_PATHS = (
					"$(inherited)",
					"@executable_path/Frameworks",
				);
				MARKETING_VERSION = 1.0;
				PRODUCT_BUNDLE_IDENTIFIER = com.sangnam.SCloset;
				PRODUCT_NAME = "$(TARGET_NAME)";
				SUPPORTED_PLATFORMS = "iphoneos iphonesimulator";
				SUPPORTS_MACCATALYST = NO;
				SUPPORTS_MAC_DESIGNED_FOR_IPHONE_IPAD = NO;
				SWIFT_EMIT_LOC_STRINGS = YES;
				SWIFT_VERSION = 5.0;
				TARGETED_DEVICE_FAMILY = 1;
			};
			name = Release;
		};
/* End XCBuildConfiguration section */

/* Begin XCConfigurationList section */
		D667935C2B03DE780022A47F /* Build configuration list for PBXProject "SCloset" */ = {
			isa = XCConfigurationList;
			buildConfigurations = (
				D66793732B03DE7A0022A47F /* Debug */,
				D66793742B03DE7A0022A47F /* Release */,
			);
			defaultConfigurationIsVisible = 0;
			defaultConfigurationName = Release;
		};
		D66793752B03DE7A0022A47F /* Build configuration list for PBXNativeTarget "SCloset" */ = {
			isa = XCConfigurationList;
			buildConfigurations = (
				D66793762B03DE7A0022A47F /* Debug */,
				D66793772B03DE7A0022A47F /* Release */,
			);
			defaultConfigurationIsVisible = 0;
			defaultConfigurationName = Release;
		};
/* End XCConfigurationList section */

/* Begin XCRemoteSwiftPackageReference section */
		D66793782B03DF5E0022A47F /* XCRemoteSwiftPackageReference "RxSwift" */ = {
			isa = XCRemoteSwiftPackageReference;
			repositoryURL = "https://github.com/ReactiveX/RxSwift.git";
			requirement = {
				kind = upToNextMajorVersion;
				minimumVersion = 6.6.0;
			};
		};
		D667938D2B03DF690022A47F /* XCRemoteSwiftPackageReference "realm-swift" */ = {
			isa = XCRemoteSwiftPackageReference;
			repositoryURL = "https://github.com/realm/realm-swift.git";
			requirement = {
				branch = master;
				kind = branch;
			};
		};
		D66793902B03DF710022A47F /* XCRemoteSwiftPackageReference "Kingfisher" */ = {
			isa = XCRemoteSwiftPackageReference;
			repositoryURL = "https://github.com/onevcat/Kingfisher";
			requirement = {
				kind = upToNextMajorVersion;
				minimumVersion = 7.10.0;
			};
		};
		D66793932B03DF790022A47F /* XCRemoteSwiftPackageReference "Alamofire" */ = {
			isa = XCRemoteSwiftPackageReference;
			repositoryURL = "https://github.com/Alamofire/Alamofire.git";
			requirement = {
				kind = upToNextMajorVersion;
				minimumVersion = 5.8.1;
			};
		};
		D66793962B03DF830022A47F /* XCRemoteSwiftPackageReference "SnapKit" */ = {
			isa = XCRemoteSwiftPackageReference;
			repositoryURL = "https://github.com/SnapKit/SnapKit";
			requirement = {
				kind = upToNextMajorVersion;
				minimumVersion = 5.6.0;
			};
		};
		D66793992B03DF8C0022A47F /* XCRemoteSwiftPackageReference "Toast-Swift" */ = {
			isa = XCRemoteSwiftPackageReference;
			repositoryURL = "https://github.com/scalessec/Toast-Swift";
			requirement = {
				kind = upToNextMajorVersion;
				minimumVersion = 5.0.1;
			};
		};
/* End XCRemoteSwiftPackageReference section */

/* Begin XCSwiftPackageProductDependency section */
		D667937D2B03DF5E0022A47F /* RxCocoa */ = {
			isa = XCSwiftPackageProductDependency;
			package = D66793782B03DF5E0022A47F /* XCRemoteSwiftPackageReference "RxSwift" */;
			productName = RxCocoa;
		};
		D66793812B03DF5E0022A47F /* RxRelay */ = {
			isa = XCSwiftPackageProductDependency;
			package = D66793782B03DF5E0022A47F /* XCRemoteSwiftPackageReference "RxSwift" */;
			productName = RxRelay;
		};
		D66793852B03DF5E0022A47F /* RxSwift */ = {
			isa = XCSwiftPackageProductDependency;
			package = D66793782B03DF5E0022A47F /* XCRemoteSwiftPackageReference "RxSwift" */;
			productName = RxSwift;
		};
		D667938E2B03DF690022A47F /* RealmSwift */ = {
			isa = XCSwiftPackageProductDependency;
			package = D667938D2B03DF690022A47F /* XCRemoteSwiftPackageReference "realm-swift" */;
			productName = RealmSwift;
		};
		D66793912B03DF710022A47F /* Kingfisher */ = {
			isa = XCSwiftPackageProductDependency;
			package = D66793902B03DF710022A47F /* XCRemoteSwiftPackageReference "Kingfisher" */;
			productName = Kingfisher;
		};
		D66793942B03DF790022A47F /* Alamofire */ = {
			isa = XCSwiftPackageProductDependency;
			package = D66793932B03DF790022A47F /* XCRemoteSwiftPackageReference "Alamofire" */;
			productName = Alamofire;
		};
		D66793972B03DF830022A47F /* SnapKit */ = {
			isa = XCSwiftPackageProductDependency;
			package = D66793962B03DF830022A47F /* XCRemoteSwiftPackageReference "SnapKit" */;
			productName = SnapKit;
		};
		D667939A2B03DF8C0022A47F /* Toast */ = {
			isa = XCSwiftPackageProductDependency;
			package = D66793992B03DF8C0022A47F /* XCRemoteSwiftPackageReference "Toast-Swift" */;
			productName = Toast;
		};
/* End XCSwiftPackageProductDependency section */
	};
	rootObject = D66793592B03DE780022A47F /* Project object */;
}
